
Microsoft Visual Studio Solution File, Format Version 12.00
# Visual Studio Version 16
VisualStudioVersion = 16.0.31105.61
MinimumVisualStudioVersion = 10.0.40219.1
Project("{FAE04EC0-301F-11D3-BF4B-00C04F79EFBC}") = "Manage-File-Application", "Manage-File-Application\Manage-File-Application.csproj", "{A6E07F94-91AF-458E-8A98-1D95306757D6}"
EndProject
Global
	GlobalSection(SolutionConfigurationPlatforms) = preSolution
		Debug|Any CPU = Debug|Any CPU
		Release|Any CPU = Release|Any CPU
	EndGlobalSection
	GlobalSection(ProjectConfigurationPlatforms) = postSolution
		{A6E07F94-91AF-458E-8A98-1D95306757D6}.Debug|Any CPU.ActiveCfg = Debug|Any CPU
		{A6E07F94-91AF-458E-8A98-1D95306757D6}.Debug|Any CPU.Build.0 = Debug|Any CPU
		{A6E07F94-91AF-458E-8A98-1D95306757D6}.Release|Any CPU.ActiveCfg = Release|Any CPU
		{A6E07F94-91AF-458E-8A98-1D95306757D6}.Release|Any CPU.Build.0 = Release|Any CPU
	EndGlobalSection
	GlobalSection(SolutionProperties) = preSolution
		HideSolutionNode = FALSE
	EndGlobalSection
	GlobalSection(ExtensibilityGlobals) = postSolution
		SolutionGuid = {126B86DE-435B-4EDC-8A17-0F1A8B65ED99}
	EndGlobalSection
EndGlobal
